Microsoft Visual Studio Solution File, Format Version 12.00
# Visual Studio Version 17
VisualStudioVersion = 17.5.2.0
MinimumVisualStudioVersion = 10.0.40219.1
Project("{FAE04EC0-301F-11D3-BF4B-00C04F79EFBC}") = "efestiamvc", "efestiamvc.csproj", "{D5E60B8E-D487-55E5-5A49-E1C1458DEF16}"
EndProject
Global
	GlobalSection(SolutionConfigurationPlatforms) = preSolution
		Debug|Any CPU = Debug|Any CPU
		Release|Any CPU = Release|Any CPU
	EndGlobalSection
	GlobalSection(ProjectConfigurationPlatforms) = postSolution
		{D5E60B8E-D487-55E5-5A49-E1C1458DEF16}.Debug|Any CPU.ActiveCfg = Debug|Any CPU
		{D5E60B8E-D487-55E5-5A49-E1C1458DEF16}.Debug|Any CPU.Build.0 = Debug|Any CPU
		{D5E60B8E-D487-55E5-5A49-E1C1458DEF16}.Release|Any CPU.ActiveCfg = Release|Any CPU
		{D5E60B8E-D487-55E5-5A49-E1C1458DEF16}.Release|Any CPU.Build.0 = Release|Any CPU
	EndGlobalSection
	GlobalSection(SolutionProperties) = preSolution
		HideSolutionNode = FALSE
	EndGlobalSection
	GlobalSection(ExtensibilityGlobals) = postSolution
		SolutionGuid = {DA8A8243-2391-4337-B55D-04692AD00395}
	EndGlobalSection
EndGlobal
